
Microsoft Visual Studio Solution File, Format Version 12.00
# Visual Studio Version 17
VisualStudioVersion = 17.9.34607.119
MinimumVisualStudioVersion = 10.0.40219.1
Project("{FAE04EC0-301F-11D3-BF4B-00C04F79EFBC}") = "Simple3d.Core", "Simple3d.Core\Simple3d.Core.csproj", "{4648329D-C6EE-477C-A744-6656ADCC37F7}"
EndProject
Project("{9A19103F-16F7-4668-BE54-9A1E7A4F7556}") = "Simple3d.ProjectLab", "Simple3d.ProjectLab\Simple3d.ProjectLab.csproj", "{F99BCE6E-684B-49C4-8B25-2F0648BD8822}"
EndProject
Project("{9A19103F-16F7-4668-BE54-9A1E7A4F7556}") = "Simple3d.Windows", "Simple3d.Windows\Simple3d.Windows.csproj", "{5D60BC2B-6779-41DC-86A2-25884E9EEC7F}"
EndProject
Global
	GlobalSection(SolutionConfigurationPlatforms) = preSolution
		Debug|Any CPU = Debug|Any CPU
		Release|Any CPU = Release|Any CPU
	EndGlobalSection
	GlobalSection(ProjectConfigurationPlatforms) = postSolution
		{4648329D-C6EE-477C-A744-6656ADCC37F7}.Debug|Any CPU.ActiveCfg = Debug|Any CPU
		{4648329D-C6EE-477C-A744-6656ADCC37F7}.Debug|Any CPU.Build.0 = Debug|Any CPU
		{4648329D-C6EE-477C-A744-6656ADCC37F7}.Release|Any CPU.ActiveCfg = Release|Any CPU
		{4648329D-C6EE-477C-A744-6656ADCC37F7}.Release|Any CPU.Build.0 = Release|Any CPU
		{F99BCE6E-684B-49C4-8B25-2F0648BD8822}.Debug|Any CPU.ActiveCfg = Debug|Any CPU
		{F99BCE6E-684B-49C4-8B25-2F0648BD8822}.Debug|Any CPU.Build.0 = Debug|Any CPU
		{F99BCE6E-684B-49C4-8B25-2F0648BD8822}.Debug|Any CPU.Deploy.0 = Debug|Any CPU
		{F99BCE6E-684B-49C4-8B25-2F0648BD8822}.Release|Any CPU.ActiveCfg = Release|Any CPU
		{F99BCE6E-684B-49C4-8B25-2F0648BD8822}.Release|Any CPU.Build.0 = Release|Any CPU
		{F99BCE6E-684B-49C4-8B25-2F0648BD8822}.Release|Any CPU.Deploy.0 = Release|Any CPU
		{5D60BC2B-6779-41DC-86A2-25884E9EEC7F}.Debug|Any CPU.ActiveCfg = Debug|Any CPU
		{5D60BC2B-6779-41DC-86A2-25884E9EEC7F}.Debug|Any CPU.Build.0 = Debug|Any CPU
		{5D60BC2B-6779-41DC-86A2-25884E9EEC7F}.Release|Any CPU.ActiveCfg = Release|Any CPU
		{5D60BC2B-6779-41DC-86A2-25884E9EEC7F}.Release|Any CPU.Build.0 = Release|Any CPU
	EndGlobalSection
	GlobalSection(SolutionProperties) = preSolution
		HideSolutionNode = FALSE
	EndGlobalSection
	GlobalSection(ExtensibilityGlobals) = postSolution
		SolutionGuid = {DAAE929F-524B-4BFC-AB6D-6479AF9B5DF1}
	EndGlobalSection
EndGlobal
